
Microsoft Visual Studio Solution File, Format Version 12.00
# Visual Studio Version 17
VisualStudioVersion = 17.4.33213.308
MinimumVisualStudioVersion = 10.0.40219.1
Project("{FAE04EC0-301F-11D3-BF4B-00C04F79EFBC}") = "DEMO", "DEMO\DEMO.csproj", "{07D86031-E39C-445B-93A8-6F1D54B89911}"
EndProject
Global
	GlobalSection(SolutionConfigurationPlatforms) = preSolution
		Debug|Any CPU = Debug|Any CPU
		Release|Any CPU = Release|Any CPU
	EndGlobalSection
	GlobalSection(ProjectConfigurationPlatforms) = postSolution
		{07D86031-E39C-445B-93A8-6F1D54B89911}.Debug|Any CPU.ActiveCfg = Debug|Any CPU
		{07D86031-E39C-445B-93A8-6F1D54B89911}.Debug|Any CPU.Build.0 = Debug|Any CPU
		{07D86031-E39C-445B-93A8-6F1D54B89911}.Release|Any CPU.ActiveCfg = Release|Any CPU
		{07D86031-E39C-445B-93A8-6F1D54B89911}.Release|Any CPU.Build.0 = Release|Any CPU
	EndGlobalSection
	GlobalSection(SolutionProperties) = preSolution
		HideSolutionNode = FALSE
	EndGlobalSection
	GlobalSection(ExtensibilityGlobals) = postSolution
		SolutionGuid = {EF143281-0F4E-404E-9137-EF39B46D9720}
	EndGlobalSection
EndGlobal
