
Microsoft Visual Studio Solution File, Format Version 12.00
# Visual Studio Version 17
VisualStudioVersion = 17.9.34728.123
MinimumVisualStudioVersion = 10.0.40219.1
Project("{FAE04EC0-301F-11D3-BF4B-00C04F79EFBC}") = "WpfApp3", "WpfApp3\WpfApp3.csproj", "{1CFF6A26-8DB9-4F8A-B988-5EC0D52B65B9}"
EndProject
Global
	GlobalSection(SolutionConfigurationPlatforms) = preSolution
		Debug|Any CPU = Debug|Any CPU
		Release|Any CPU = Release|Any CPU
	EndGlobalSection
	GlobalSection(ProjectConfigurationPlatforms) = postSolution
		{1CFF6A26-8DB9-4F8A-B988-5EC0D52B65B9}.Debug|Any CPU.ActiveCfg = Debug|Any CPU
		{1CFF6A26-8DB9-4F8A-B988-5EC0D52B65B9}.Debug|Any CPU.Build.0 = Debug|Any CPU
		{1CFF6A26-8DB9-4F8A-B988-5EC0D52B65B9}.Release|Any CPU.ActiveCfg = Release|Any CPU
		{1CFF6A26-8DB9-4F8A-B988-5EC0D52B65B9}.Release|Any CPU.Build.0 = Release|Any CPU
	EndGlobalSection
	GlobalSection(SolutionProperties) = preSolution
		HideSolutionNode = FALSE
	EndGlobalSection
	GlobalSection(ExtensibilityGlobals) = postSolution
		SolutionGuid = {1799B558-AE6E-477B-9B3B-9DCFF2495EEE}
	EndGlobalSection
EndGlobal
